
Microsoft Visual Studio Solution File, Format Version 12.00
# Visual Studio Version 16
VisualStudioVersion = 16.0.30804.86
MinimumVisualStudioVersion = 10.0.40219.1
Project("{9A19103F-16F7-4668-BE54-9A1E7A4F7556}") = "AADWebApp", "AADWebApp\AADWebApp.csproj", "{EFACA570-2D7C-4223-BB1E-DC70A8539840}"
EndProject
Project("{FAE04EC0-301F-11D3-BF4B-00C04F79EFBC}") = "AADWebAppTests", "AADWebAppTests\AADWebAppTests.csproj", "{0062F952-0F87-48BA-AA22-F898816968A8}"
EndProject
Global
	GlobalSection(SolutionConfigurationPlatforms) = preSolution
		Debug|Any CPU = Debug|Any CPU
		Release|Any CPU = Release|Any CPU
	EndGlobalSection
	GlobalSection(ProjectConfigurationPlatforms) = postSolution
		{EFACA570-2D7C-4223-BB1E-DC70A8539840}.Debug|Any CPU.ActiveCfg = Debug|Any CPU
		{EFACA570-2D7C-4223-BB1E-DC70A8539840}.Debug|Any CPU.Build.0 = Debug|Any CPU
		{EFACA570-2D7C-4223-BB1E-DC70A8539840}.Release|Any CPU.ActiveCfg = Release|Any CPU
		{EFACA570-2D7C-4223-BB1E-DC70A8539840}.Release|Any CPU.Build.0 = Release|Any CPU
		{0062F952-0F87-48BA-AA22-F898816968A8}.Debug|Any CPU.ActiveCfg = Debug|Any CPU
		{0062F952-0F87-48BA-AA22-F898816968A8}.Debug|Any CPU.Build.0 = Debug|Any CPU
		{0062F952-0F87-48BA-AA22-F898816968A8}.Release|Any CPU.ActiveCfg = Release|Any CPU
		{0062F952-0F87-48BA-AA22-F898816968A8}.Release|Any CPU.Build.0 = Release|Any CPU
	EndGlobalSection
	GlobalSection(SolutionProperties) = preSolution
		HideSolutionNode = FALSE
	EndGlobalSection
	GlobalSection(ExtensibilityGlobals) = postSolution
		SolutionGuid = {5A8B4F96-AC3D-4469-B0E7-759AAE834C4C}
	EndGlobalSection
EndGlobal
